// !$*UTF8*$!
{
	archiveVersion = 1;
	classes = {
	};
	objectVersion = 53;
	objects = {

/* Begin PBXBuildFile section */
		56B82A3E273732610031D127 /* GiftTitleTableViewCell.swift in Sources */ = {isa = PBXBuildFile; fileRef = 56B82A3C273732610031D127 /* GiftTitleTableViewCell.swift */; };
		56B82A3F273732610031D127 /* GiftTitleTableViewCell.xib in Resources */ = {isa = PBXBuildFile; fileRef = 56B82A3D273732610031D127 /* GiftTitleTableViewCell.xib */; };
		56B82A412737331D0031D127 /* GiftDetailInfoViewController.swift in Sources */ = {isa = PBXBuildFile; fileRef = 56B82A402737331D0031D127 /* GiftDetailInfoViewController.swift */; };
		56B82A44273733850031D127 /* GiftDescriptionTableViewCell.swift in Sources */ = {isa = PBXBuildFile; fileRef = 56B82A42273733850031D127 /* GiftDescriptionTableViewCell.swift */; };
		56B82A45273733850031D127 /* GiftDescriptionTableViewCell.xib in Resources */ = {isa = PBXBuildFile; fileRef = 56B82A43273733850031D127 /* GiftDescriptionTableViewCell.xib */; };
		8B24C189272FE3D400D36E12 /* AppDelegate.swift in Sources */ = {isa = PBXBuildFile; fileRef = 8B24C188272FE3D400D36E12 /* AppDelegate.swift */; };
		8B24C18B272FE3D400D36E12 /* SceneDelegate.swift in Sources */ = {isa = PBXBuildFile; fileRef = 8B24C18A272FE3D400D36E12 /* SceneDelegate.swift */; };
		8B24C18D272FE3D400D36E12 /* ProfileViewController.swift in Sources */ = {isa = PBXBuildFile; fileRef = 8B24C18C272FE3D400D36E12 /* ProfileViewController.swift */; };
		8B24C190272FE3D400D36E12 /* Main.storyboard in Resources */ = {isa = PBXBuildFile; fileRef = 8B24C18E272FE3D400D36E12 /* Main.storyboard */; };
		8B24C193272FE3D400D36E12 /* Gifty.xcdatamodeld in Sources */ = {isa = PBXBuildFile; fileRef = 8B24C191272FE3D400D36E12 /* Gifty.xcdatamodeld */; };
		8B24C195272FE3D600D36E12 /* Assets.xcassets in Resources */ = {isa = PBXBuildFile; fileRef = 8B24C194272FE3D600D36E12 /* Assets.xcassets */; };
		8B24C198272FE3D600D36E12 /* LaunchScreen.storyboard in Resources */ = {isa = PBXBuildFile; fileRef = 8B24C196272FE3D600D36E12 /* LaunchScreen.storyboard */; };
		8B24C1A1272FE63100D36E12 /* Gift.swift in Sources */ = {isa = PBXBuildFile; fileRef = 8B24C1A0272FE63100D36E12 /* Gift.swift */; };
		8B24C1A3272FE83100D36E12 /* GiftDataManager.swift in Sources */ = {isa = PBXBuildFile; fileRef = 8B24C1A2272FE83100D36E12 /* GiftDataManager.swift */; };
		8B27A89C27328CE300AFFC45 /* QuestionsTableHeaderView.xib in Resources */ = {isa = PBXBuildFile; fileRef = 8B27A89A27328CE300AFFC45 /* QuestionsTableHeaderView.xib */; };
		8B27A89D27328CE300AFFC45 /* QuestionsTableHeaderView.swift in Sources */ = {isa = PBXBuildFile; fileRef = 8B27A89B27328CE300AFFC45 /* QuestionsTableHeaderView.swift */; };
		8B8E161827301DDA00276240 /* Montserrat-Regular.ttf in Resources */ = {isa = PBXBuildFile; fileRef = 8B8E161727301DDA00276240 /* Montserrat-Regular.ttf */; };
		8B8E161A27301F1900276240 /* Montserrat-Bold.ttf in Resources */ = {isa = PBXBuildFile; fileRef = 8B8E161927301F1800276240 /* Montserrat-Bold.ttf */; };
		8B8E161C27312B1900276240 /* AppFont.swift in Sources */ = {isa = PBXBuildFile; fileRef = 8B8E161B27312B1900276240 /* AppFont.swift */; };
		8B8E161F2731338300276240 /* ReceiverInfoViewController.swift in Sources */ = {isa = PBXBuildFile; fileRef = 8B8E161E2731338200276240 /* ReceiverInfoViewController.swift */; };
		8B8E162927316E7100276240 /* QuestionnaireViewCell.swift in Sources */ = {isa = PBXBuildFile; fileRef = 8B8E162727316E7100276240 /* QuestionnaireViewCell.swift */; };
		8B8E162A27316E7100276240 /* QuestionnaireViewCell.xib in Resources */ = {isa = PBXBuildFile; fileRef = 8B8E162827316E7100276240 /* QuestionnaireViewCell.xib */; };
		8B8E162D2731965B00276240 /* UIViewController+Extensions.swift in Sources */ = {isa = PBXBuildFile; fileRef = 8B8E162C2731965B00276240 /* UIViewController+Extensions.swift */; };
		8B90804327351BD20000A96F /* ListOfGiftsViewController.swift in Sources */ = {isa = PBXBuildFile; fileRef = 8B90804227351BD20000A96F /* ListOfGiftsViewController.swift */; };
		8B90804727351C6B0000A96F /* GiftsCollectionViewCell.swift in Sources */ = {isa = PBXBuildFile; fileRef = 8B90804527351C6B0000A96F /* GiftsCollectionViewCell.swift */; };
		8B90804827351C6B0000A96F /* GiftsCollectionViewCell.xib in Resources */ = {isa = PBXBuildFile; fileRef = 8B90804627351C6B0000A96F /* GiftsCollectionViewCell.xib */; };
		8BC83ADB2732A0DB005470D9 /* QuestionnaireViewController.swift in Sources */ = {isa = PBXBuildFile; fileRef = 8BC83ADA2732A0DB005470D9 /* QuestionnaireViewController.swift */; };
		8BC83AE12732B906005470D9 /* QuestionsManager.swift in Sources */ = {isa = PBXBuildFile; fileRef = 8BC83AE02732B906005470D9 /* QuestionsManager.swift */; };
		8BC83AE32732BB16005470D9 /* Question.swift in Sources */ = {isa = PBXBuildFile; fileRef = 8BC83AE22732BB15005470D9 /* Question.swift */; };
		8BC83AE52732BB41005470D9 /* UserAnswer.swift in Sources */ = {isa = PBXBuildFile; fileRef = 8BC83AE42732BB41005470D9 /* UserAnswer.swift */; };
		8BEB3F5E2733EA9C004AFF69 /* User.swift in Sources */ = {isa = PBXBuildFile; fileRef = 8BEB3F5D2733EA9C004AFF69 /* User.swift */; };
		8BEB3F612733F486004AFF69 /* UserCD+CoreDataClass.swift in Sources */ = {isa = PBXBuildFile; fileRef = 8BEB3F5F2733F485004AFF69 /* UserCD+CoreDataClass.swift */; };
		8BEB3F622733F486004AFF69 /* UserCD+CoreDataProperties.swift in Sources */ = {isa = PBXBuildFile; fileRef = 8BEB3F602733F486004AFF69 /* UserCD+CoreDataProperties.swift */; };
		C1F8704127331D1300BF7F44 /* CoreDataStack.swift in Sources */ = {isa = PBXBuildFile; fileRef = C1F8704027331D1300BF7F44 /* CoreDataStack.swift */; };
		C1F8704B27331FF400BF7F44 /* CoreDataService.swift in Sources */ = {isa = PBXBuildFile; fileRef = C1F8704A27331FF400BF7F44 /* CoreDataService.swift */; };
/* End PBXBuildFile section */

/* Begin PBXFileReference section */
		56B82A3C273732610031D127 /* GiftTitleTableViewCell.swift */ = {isa = PBXFileReference; lastKnownFileType = sourcecode.swift; path = GiftTitleTableViewCell.swift; sourceTree = "<group>"; };
		56B82A3D273732610031D127 /* GiftTitleTableViewCell.xib */ = {isa = PBXFileReference; lastKnownFileType = file.xib; path = GiftTitleTableViewCell.xib; sourceTree = "<group>"; };
		56B82A402737331D0031D127 /* GiftDetailInfoViewController.swift */ = {isa = PBXFileReference; lastKnownFileType = sourcecode.swift; path = GiftDetailInfoViewController.swift; sourceTree = "<group>"; };
		56B82A42273733850031D127 /* GiftDescriptionTableViewCell.swift */ = {isa = PBXFileReference; lastKnownFileType = sourcecode.swift; path = GiftDescriptionTableViewCell.swift; sourceTree = "<group>"; };
		56B82A43273733850031D127 /* GiftDescriptionTableViewCell.xib */ = {isa = PBXFileReference; lastKnownFileType = file.xib; path = GiftDescriptionTableViewCell.xib; sourceTree = "<group>"; };
		8B24C185272FE3D400D36E12 /* Gifty.app */ = {isa = PBXFileReference; explicitFileType = wrapper.application; includeInIndex = 0; path = Gifty.app; sourceTree = BUILT_PRODUCTS_DIR; };
		8B24C188272FE3D400D36E12 /* AppDelegate.swift */ = {isa = PBXFileReference; lastKnownFileType = sourcecode.swift; path = AppDelegate.swift; sourceTree = "<group>"; };
		8B24C18A272FE3D400D36E12 /* SceneDelegate.swift */ = {isa = PBXFileReference; lastKnownFileType = sourcecode.swift; path = SceneDelegate.swift; sourceTree = "<group>"; };
		8B24C18C272FE3D400D36E12 /* ProfileViewController.swift */ = {isa = PBXFileReference; lastKnownFileType = sourcecode.swift; path = ProfileViewController.swift; sourceTree = "<group>"; };
		8B24C18F272FE3D400D36E12 /* Base */ = {isa = PBXFileReference; lastKnownFileType = file.storyboard; name = Base; path = Base.lproj/Main.storyboard; sourceTree = "<group>"; };
		8B24C192272FE3D400D36E12 /* Gifty.xcdatamodel */ = {isa = PBXFileReference; lastKnownFileType = wrapper.xcdatamodel; path = Gifty.xcdatamodel; sourceTree = "<group>"; };
		8B24C194272FE3D600D36E12 /* Assets.xcassets */ = {isa = PBXFileReference; lastKnownFileType = folder.assetcatalog; path = Assets.xcassets; sourceTree = "<group>"; };
		8B24C197272FE3D600D36E12 /* Base */ = {isa = PBXFileReference; lastKnownFileType = file.storyboard; name = Base; path = Base.lproj/LaunchScreen.storyboard; sourceTree = "<group>"; };
		8B24C199272FE3D600D36E12 /* Info.plist */ = {isa = PBXFileReference; lastKnownFileType = text.plist.xml; path = Info.plist; sourceTree = "<group>"; };
		8B24C1A0272FE63100D36E12 /* Gift.swift */ = {isa = PBXFileReference; lastKnownFileType = sourcecode.swift; path = Gift.swift; sourceTree = "<group>"; };
		8B24C1A2272FE83100D36E12 /* GiftDataManager.swift */ = {isa = PBXFileReference; lastKnownFileType = sourcecode.swift; path = GiftDataManager.swift; sourceTree = "<group>"; };
		8B27A89A27328CE300AFFC45 /* QuestionsTableHeaderView.xib */ = {isa = PBXFileReference; fileEncoding = 4; lastKnownFileType = file.xib; path = QuestionsTableHeaderView.xib; sourceTree = "<group>"; };
		8B27A89B27328CE300AFFC45 /* QuestionsTableHeaderView.swift */ = {isa = PBXFileReference; fileEncoding = 4; lastKnownFileType = sourcecode.swift; path = QuestionsTableHeaderView.swift; sourceTree = "<group>"; };
		8B8E161727301DDA00276240 /* Montserrat-Regular.ttf */ = {isa = PBXFileReference; lastKnownFileType = file; path = "Montserrat-Regular.ttf"; sourceTree = "<group>"; };
		8B8E161927301F1800276240 /* Montserrat-Bold.ttf */ = {isa = PBXFileReference; lastKnownFileType = file; path = "Montserrat-Bold.ttf"; sourceTree = "<group>"; };
		8B8E161B27312B1900276240 /* AppFont.swift */ = {isa = PBXFileReference; lastKnownFileType = sourcecode.swift; path = AppFont.swift; sourceTree = "<group>"; };
		8B8E161E2731338200276240 /* ReceiverInfoViewController.swift */ = {isa = PBXFileReference; lastKnownFileType = sourcecode.swift; path = ReceiverInfoViewController.swift; sourceTree = "<group>"; };
		8B8E162727316E7100276240 /* QuestionnaireViewCell.swift */ = {isa = PBXFileReference; lastKnownFileType = sourcecode.swift; path = QuestionnaireViewCell.swift; sourceTree = "<group>"; };
		8B8E162827316E7100276240 /* QuestionnaireViewCell.xib */ = {isa = PBXFileReference; lastKnownFileType = file.xib; path = QuestionnaireViewCell.xib; sourceTree = "<group>"; };
		8B8E162C2731965B00276240 /* UIViewController+Extensions.swift */ = {isa = PBXFileReference; lastKnownFileType = sourcecode.swift; path = "UIViewController+Extensions.swift"; sourceTree = "<group>"; };
		8B90804227351BD20000A96F /* ListOfGiftsViewController.swift */ = {isa = PBXFileReference; lastKnownFileType = sourcecode.swift; path = ListOfGiftsViewController.swift; sourceTree = "<group>"; };
		8B90804527351C6B0000A96F /* GiftsCollectionViewCell.swift */ = {isa = PBXFileReference; lastKnownFileType = sourcecode.swift; path = GiftsCollectionViewCell.swift; sourceTree = "<group>"; };
		8B90804627351C6B0000A96F /* GiftsCollectionViewCell.xib */ = {isa = PBXFileReference; lastKnownFileType = file.xib; path = GiftsCollectionViewCell.xib; sourceTree = "<group>"; };
		8BC83ADA2732A0DB005470D9 /* QuestionnaireViewController.swift */ = {isa = PBXFileReference; lastKnownFileType = sourcecode.swift; path = QuestionnaireViewController.swift; sourceTree = "<group>"; };
		8BC83AE02732B906005470D9 /* QuestionsManager.swift */ = {isa = PBXFileReference; lastKnownFileType = sourcecode.swift; path = QuestionsManager.swift; sourceTree = "<group>"; };
		8BC83AE22732BB15005470D9 /* Question.swift */ = {isa = PBXFileReference; lastKnownFileType = sourcecode.swift; path = Question.swift; sourceTree = "<group>"; };
		8BC83AE42732BB41005470D9 /* UserAnswer.swift */ = {isa = PBXFileReference; lastKnownFileType = sourcecode.swift; path = UserAnswer.swift; sourceTree = "<group>"; };
		8BEB3F5D2733EA9C004AFF69 /* User.swift */ = {isa = PBXFileReference; lastKnownFileType = sourcecode.swift; path = User.swift; sourceTree = "<group>"; };
		8BEB3F5F2733F485004AFF69 /* UserCD+CoreDataClass.swift */ = {isa = PBXFileReference; lastKnownFileType = sourcecode.swift; path = "UserCD+CoreDataClass.swift"; sourceTree = "<group>"; };
		8BEB3F602733F486004AFF69 /* UserCD+CoreDataProperties.swift */ = {isa = PBXFileReference; lastKnownFileType = sourcecode.swift; path = "UserCD+CoreDataProperties.swift"; sourceTree = "<group>"; };
		C1F8704027331D1300BF7F44 /* CoreDataStack.swift */ = {isa = PBXFileReference; lastKnownFileType = sourcecode.swift; path = CoreDataStack.swift; sourceTree = "<group>"; };
		C1F8704A27331FF400BF7F44 /* CoreDataService.swift */ = {isa = PBXFileReference; lastKnownFileType = sourcecode.swift; path = CoreDataService.swift; sourceTree = "<group>"; };
/* End PBXFileReference section */

/* Begin PBXFrameworksBuildPhase section */
		8B24C182272FE3D400D36E12 /* Frameworks */ = {
			isa = PBXFrameworksBuildPhase;
			buildActionMask = 2147483647;
			files = (
			);
			runOnlyForDeploymentPostprocessing = 0;
		};
/* End PBXFrameworksBuildPhase section */

/* Begin PBXGroup section */
		8B24C17C272FE3D400D36E12 = {
			isa = PBXGroup;
			children = (
				8B24C187272FE3D400D36E12 /* Gifty */,
				8B24C186272FE3D400D36E12 /* Products */,
			);
			sourceTree = "<group>";
		};
		8B24C186272FE3D400D36E12 /* Products */ = {
			isa = PBXGroup;
			children = (
				8B24C185272FE3D400D36E12 /* Gifty.app */,
			);
			name = Products;
			sourceTree = "<group>";
		};
		8B24C187272FE3D400D36E12 /* Gifty */ = {
			isa = PBXGroup;
			children = (
				8B24C188272FE3D400D36E12 /* AppDelegate.swift */,
				8B24C18A272FE3D400D36E12 /* SceneDelegate.swift */,
				8BC83AE62732D09A005470D9 /* Managers */,
				8BC83AD62732A015005470D9 /* UI */,
				8B24C19F272FE45700D36E12 /* Models */,
				8B8E162B2731964200276240 /* Extensions */,
				8B24C194272FE3D600D36E12 /* Assets.xcassets */,
				8B24C196272FE3D600D36E12 /* LaunchScreen.storyboard */,
				8B24C18E272FE3D400D36E12 /* Main.storyboard */,
				8B24C199272FE3D600D36E12 /* Info.plist */,
				8B24C191272FE3D400D36E12 /* Gifty.xcdatamodeld */,
				8B8E161527301D4700276240 /* Resources */,
			);
			path = Gifty;
			sourceTree = "<group>";
		};
		8B24C19F272FE45700D36E12 /* Models */ = {
			isa = PBXGroup;
			children = (
				8BEB3F5D2733EA9C004AFF69 /* User.swift */,
				C1F8704527331F1E00BF7F44 /* CoreDataModels */,
				8BC83ADC2732A10C005470D9 /* GiftModel */,
			);
			path = Models;
			sourceTree = "<group>";
		};
		8B8E161527301D4700276240 /* Resources */ = {
			isa = PBXGroup;
			children = (
				8B8E161B27312B1900276240 /* AppFont.swift */,
				8B8E161627301D6A00276240 /* Fonts */,
			);
			path = Resources;
			sourceTree = "<group>";
		};
		8B8E161627301D6A00276240 /* Fonts */ = {
			isa = PBXGroup;
			children = (
				8B8E161727301DDA00276240 /* Montserrat-Regular.ttf */,
				8B8E161927301F1800276240 /* Montserrat-Bold.ttf */,
			);
			path = Fonts;
			sourceTree = "<group>";
		};
		8B8E162B2731964200276240 /* Extensions */ = {
			isa = PBXGroup;
			children = (
				8B8E162C2731965B00276240 /* UIViewController+Extensions.swift */,
			);
			path = Extensions;
			sourceTree = "<group>";
		};
		8B90804127351B630000A96F /* GigtsListScreen */ = {
			isa = PBXGroup;
			children = (
				8B90804427351BF80000A96F /* Views */,
				8B90804227351BD20000A96F /* ListOfGiftsViewController.swift */,
			);
			path = GigtsListScreen;
			sourceTree = "<group>";
		};
		8B90804427351BF80000A96F /* Views */ = {
			isa = PBXGroup;
			children = (
				8B90804527351C6B0000A96F /* GiftsCollectionViewCell.swift */,
				8B90804627351C6B0000A96F /* GiftsCollectionViewCell.xib */,
			);
			path = Views;
			sourceTree = "<group>";
		};
		8B90804927355D260000A96F /* GiftManager */ = {
			isa = PBXGroup;
			children = (
				8B24C1A2272FE83100D36E12 /* GiftDataManager.swift */,
			);
			path = GiftManager;
			sourceTree = "<group>";
		};
		8B90804A27357D5A0000A96F /* GiftInfoScreen */ = {
			isa = PBXGroup;
			children = (
				8B90804D273580350000A96F /* Views */,
				56B82A402737331D0031D127 /* GiftDetailInfoViewController.swift */,
			);
			path = GiftInfoScreen;
			sourceTree = "<group>";
		};
		8B90804D273580350000A96F /* Views */ = {
			isa = PBXGroup;
			children = (
				56B82A3C273732610031D127 /* GiftTitleTableViewCell.swift */,
				56B82A3D273732610031D127 /* GiftTitleTableViewCell.xib */,
				56B82A42273733850031D127 /* GiftDescriptionTableViewCell.swift */,
				56B82A43273733850031D127 /* GiftDescriptionTableViewCell.xib */,
			);
			path = Views;
			sourceTree = "<group>";
		};
		8BC83AD62732A015005470D9 /* UI */ = {
			isa = PBXGroup;
			children = (
				8BC83AD72732A01D005470D9 /* WelcomeScreen */,
				8BC83AD82732A05A005470D9 /* ReceiverInfoScreen */,
				8BC83AD92732A0B0005470D9 /* QuestionnaireScreen */,
				8B90804127351B630000A96F /* GigtsListScreen */,
				8B90804A27357D5A0000A96F /* GiftInfoScreen */,
			);
			path = UI;
			sourceTree = "<group>";
		};
		8BC83AD72732A01D005470D9 /* WelcomeScreen */ = {
			isa = PBXGroup;
			children = (
				8B24C18C272FE3D400D36E12 /* ProfileViewController.swift */,
			);
			path = WelcomeScreen;
			sourceTree = "<group>";
		};
		8BC83AD82732A05A005470D9 /* ReceiverInfoScreen */ = {
			isa = PBXGroup;
			children = (
				8B8E161E2731338200276240 /* ReceiverInfoViewController.swift */,
			);
			path = ReceiverInfoScreen;
			sourceTree = "<group>";
		};
		8BC83AD92732A0B0005470D9 /* QuestionnaireScreen */ = {
			isa = PBXGroup;
			children = (
				8BC83ADA2732A0DB005470D9 /* QuestionnaireViewController.swift */,
				8BC83ADD2732A12D005470D9 /* Views */,
			);
			path = QuestionnaireScreen;
			sourceTree = "<group>";
		};
		8BC83ADC2732A10C005470D9 /* GiftModel */ = {
			isa = PBXGroup;
			children = (
				8B24C1A0272FE63100D36E12 /* Gift.swift */,
			);
			path = GiftModel;
			sourceTree = "<group>";
		};
		8BC83ADD2732A12D005470D9 /* Views */ = {
			isa = PBXGroup;
			children = (
				8B27A89B27328CE300AFFC45 /* QuestionsTableHeaderView.swift */,
				8B27A89A27328CE300AFFC45 /* QuestionsTableHeaderView.xib */,
				8B8E162727316E7100276240 /* QuestionnaireViewCell.swift */,
				8B8E162827316E7100276240 /* QuestionnaireViewCell.xib */,
			);
			path = Views;
			sourceTree = "<group>";
		};
		8BC83ADF2732B8B6005470D9 /* QuestionsManager */ = {
			isa = PBXGroup;
			children = (
				8BC83AE02732B906005470D9 /* QuestionsManager.swift */,
				8BC83AE22732BB15005470D9 /* Question.swift */,
				8BC83AE42732BB41005470D9 /* UserAnswer.swift */,
				C1F8704027331D1300BF7F44 /* CoreDataStack.swift */,
				C1F8704A27331FF400BF7F44 /* CoreDataService.swift */,
			);
			path = QuestionsManager;
			sourceTree = "<group>";
		};
		8BC83AE62732D09A005470D9 /* Managers */ = {
			isa = PBXGroup;
			children = (
				8B90804927355D260000A96F /* GiftManager */,
				8BC83ADF2732B8B6005470D9 /* QuestionsManager */,
			);
			path = Managers;
			sourceTree = "<group>";
		};
		C1F8704527331F1E00BF7F44 /* CoreDataModels */ = {
			isa = PBXGroup;
			children = (
				8BEB3F5F2733F485004AFF69 /* UserCD+CoreDataClass.swift */,
				8BEB3F602733F486004AFF69 /* UserCD+CoreDataProperties.swift */,
			);
			path = CoreDataModels;
			sourceTree = "<group>";
		};
/* End PBXGroup section */

/* Begin PBXNativeTarget section */
		8B24C184272FE3D400D36E12 /* Gifty */ = {
			isa = PBXNativeTarget;
			buildConfigurationList = 8B24C19C272FE3D600D36E12 /* Build configuration list for PBXNativeTarget "Gifty" */;
			buildPhases = (
				8B24C181272FE3D400D36E12 /* Sources */,
				8B24C182272FE3D400D36E12 /* Frameworks */,
				8B24C183272FE3D400D36E12 /* Resources */,
			);
			buildRules = (
			);
			dependencies = (
			);
			name = Gifty;
			productName = Gifty;
			productReference = 8B24C185272FE3D400D36E12 /* Gifty.app */;
			productType = "com.apple.product-type.application";
		};
/* End PBXNativeTarget section */

/* Begin PBXProject section */
		8B24C17D272FE3D400D36E12 /* Project object */ = {
			isa = PBXProject;
			attributes = {
				BuildIndependentTargetsInParallel = 1;
				LastSwiftUpdateCheck = 1310;
				LastUpgradeCheck = 1310;
				TargetAttributes = {
					8B24C184272FE3D400D36E12 = {
						CreatedOnToolsVersion = 13.1;
					};
				};
			};
			buildConfigurationList = 8B24C180272FE3D400D36E12 /* Build configuration list for PBXProject "Gifty" */;
			compatibilityVersion = "Xcode 10.0";
			developmentRegion = en;
			hasScannedForEncodings = 0;
			knownRegions = (
				en,
				Base,
			);
			mainGroup = 8B24C17C272FE3D400D36E12;
			productRefGroup = 8B24C186272FE3D400D36E12 /* Products */;
			projectDirPath = "";
			projectRoot = "";
			targets = (
				8B24C184272FE3D400D36E12 /* Gifty */,
			);
		};
/* End PBXProject section */

/* Begin PBXResourcesBuildPhase section */
		8B24C183272FE3D400D36E12 /* Resources */ = {
			isa = PBXResourcesBuildPhase;
			buildActionMask = 2147483647;
			files = (
				8B90804827351C6B0000A96F /* GiftsCollectionViewCell.xib in Resources */,
				56B82A3F273732610031D127 /* GiftTitleTableViewCell.xib in Resources */,
				8B8E161A27301F1900276240 /* Montserrat-Bold.ttf in Resources */,
				8B8E161827301DDA00276240 /* Montserrat-Regular.ttf in Resources */,
				8B24C198272FE3D600D36E12 /* LaunchScreen.storyboard in Resources */,
				8B8E162A27316E7100276240 /* QuestionnaireViewCell.xib in Resources */,
				8B27A89C27328CE300AFFC45 /* QuestionsTableHeaderView.xib in Resources */,
				56B82A45273733850031D127 /* GiftDescriptionTableViewCell.xib in Resources */,
				8B24C195272FE3D600D36E12 /* Assets.xcassets in Resources */,
				8B24C190272FE3D400D36E12 /* Main.storyboard in Resources */,
			);
			runOnlyForDeploymentPostprocessing = 0;
		};
/* End PBXResourcesBuildPhase section */

/* Begin PBXSourcesBuildPhase section */
		8B24C181272FE3D400D36E12 /* Sources */ = {
			isa = PBXSourcesBuildPhase;
			buildActionMask = 2147483647;
			files = (
				8B24C18D272FE3D400D36E12 /* ProfileViewController.swift in Sources */,
				8B8E161F2731338300276240 /* ReceiverInfoViewController.swift in Sources */,
				56B82A44273733850031D127 /* GiftDescriptionTableViewCell.swift in Sources */,
				8B90804727351C6B0000A96F /* GiftsCollectionViewCell.swift in Sources */,
				56B82A3E273732610031D127 /* GiftTitleTableViewCell.swift in Sources */,
				8BC83ADB2732A0DB005470D9 /* QuestionnaireViewController.swift in Sources */,
				8BEB3F622733F486004AFF69 /* UserCD+CoreDataProperties.swift in Sources */,
				8B24C193272FE3D400D36E12 /* Gifty.xcdatamodeld in Sources */,
				8B8E162927316E7100276240 /* QuestionnaireViewCell.swift in Sources */,
				8BEB3F612733F486004AFF69 /* UserCD+CoreDataClass.swift in Sources */,
				8B90804327351BD20000A96F /* ListOfGiftsViewController.swift in Sources */,
				8BC83AE32732BB16005470D9 /* Question.swift in Sources */,
				8B8E161C27312B1900276240 /* AppFont.swift in Sources */,
				8BEB3F5E2733EA9C004AFF69 /* User.swift in Sources */,
				C1F8704127331D1300BF7F44 /* CoreDataStack.swift in Sources */,
				8B24C1A1272FE63100D36E12 /* Gift.swift in Sources */,
				8B8E162D2731965B00276240 /* UIViewController+Extensions.swift in Sources */,
				8BC83AE52732BB41005470D9 /* UserAnswer.swift in Sources */,
				8B24C189272FE3D400D36E12 /* AppDelegate.swift in Sources */,
				C1F8704B27331FF400BF7F44 /* CoreDataService.swift in Sources */,
				8B27A89D27328CE300AFFC45 /* QuestionsTableHeaderView.swift in Sources */,
				8B24C18B272FE3D400D36E12 /* SceneDelegate.swift in Sources */,
				8B24C1A3272FE83100D36E12 /* GiftDataManager.swift in Sources */,
				8BC83AE12732B906005470D9 /* QuestionsManager.swift in Sources */,
				56B82A412737331D0031D127 /* GiftDetailInfoViewController.swift in Sources */,
			);
			runOnlyForDeploymentPostprocessing = 0;
		};
/* End PBXSourcesBuildPhase section */

/* Begin PBXVariantGroup section */
		8B24C18E272FE3D400D36E12 /* Main.storyboard */ = {
			isa = PBXVariantGroup;
			children = (
				8B24C18F272FE3D400D36E12 /* Base */,
			);
			name = Main.storyboard;
			sourceTree = "<group>";
		};
		8B24C196272FE3D600D36E12 /* LaunchScreen.storyboard */ = {
			isa = PBXVariantGroup;
			children = (
				8B24C197272FE3D600D36E12 /* Base */,
			);
			name = LaunchScreen.storyboard;
			sourceTree = "<group>";
		};
/* End PBXVariantGroup section */

/* Begin XCBuildConfiguration section */
		8B24C19A272FE3D600D36E12 /* Debug */ = {
			isa = XCBuildConfiguration;
			buildSettings = {
				ALWAYS_SEARCH_USER_PATHS = NO;
				CLANG_ANALYZER_NONNULL = YES;
				CLANG_ANALYZER_NUMBER_OBJECT_CONVERSION = YES_AGGRESSIVE;
				CLANG_CXX_LANGUAGE_STANDARD = "gnu++17";
				CLANG_CXX_LIBRARY = "libc++";
				CLANG_ENABLE_MODULES = YES;
				CLANG_ENABLE_OBJC_ARC = YES;
				CLANG_ENABLE_OBJC_WEAK = YES;
				CLANG_WARN_BLOCK_CAPTURE_AUTORELEASING = YES;
				CLANG_WARN_BOOL_CONVERSION = YES;
				CLANG_WARN_COMMA = YES;
				CLANG_WARN_CONSTANT_CONVERSION = YES;
				CLANG_WARN_DEPRECATED_OBJC_IMPLEMENTATIONS = YES;
				CLANG_WARN_DIRECT_OBJC_ISA_USAGE = YES_ERROR;
				CLANG_WARN_DOCUMENTATION_COMMENTS = YES;
				CLANG_WARN_EMPTY_BODY = YES;
				CLANG_WARN_ENUM_CONVERSION = YES;
				CLANG_WARN_INFINITE_RECURSION = YES;
				CLANG_WARN_INT_CONVERSION = YES;
				CLANG_WARN_NON_LITERAL_NULL_CONVERSION = YES;
				CLANG_WARN_OBJC_IMPLICIT_RETAIN_SELF = YES;
				CLANG_WARN_OBJC_LITERAL_CONVERSION = YES;
				CLANG_WARN_OBJC_ROOT_CLASS = YES_ERROR;
				CLANG_WARN_QUOTED_INCLUDE_IN_FRAMEWORK_HEADER = YES;
				CLANG_WARN_RANGE_LOOP_ANALYSIS = YES;
				CLANG_WARN_STRICT_PROTOTYPES = YES;
				CLANG_WARN_SUSPICIOUS_MOVE = YES;
				CLANG_WARN_UNGUARDED_AVAILABILITY = YES_AGGRESSIVE;
				CLANG_WARN_UNREACHABLE_CODE = YES;
				CLANG_WARN__DUPLICATE_METHOD_MATCH = YES;
				COPY_PHASE_STRIP = NO;
				DEBUG_INFORMATION_FORMAT = dwarf;
				ENABLE_STRICT_OBJC_MSGSEND = YES;
				ENABLE_TESTABILITY = YES;
				GCC_C_LANGUAGE_STANDARD = gnu11;
				GCC_DYNAMIC_NO_PIC = NO;
				GCC_NO_COMMON_BLOCKS = YES;
				GCC_OPTIMIZATION_LEVEL = 0;
				GCC_PREPROCESSOR_DEFINITIONS = (
					"DEBUG=1",
					"$(inherited)",
				);
				GCC_WARN_64_TO_32_BIT_CONVERSION = YES;
				GCC_WARN_ABOUT_RETURN_TYPE = YES_ERROR;
				GCC_WARN_UNDECLARED_SELECTOR = YES;
				GCC_WARN_UNINITIALIZED_AUTOS = YES_AGGRESSIVE;
				GCC_WARN_UNUSED_FUNCTION = YES;
				GCC_WARN_UNUSED_VARIABLE = YES;
				IPHONEOS_DEPLOYMENT_TARGET = 13.0;
				MTL_ENABLE_DEBUG_INFO = INCLUDE_SOURCE;
				MTL_FAST_MATH = YES;
				ONLY_ACTIVE_ARCH = YES;
				SDKROOT = iphoneos;
				SWIFT_ACTIVE_COMPILATION_CONDITIONS = DEBUG;
				SWIFT_OPTIMIZATION_LEVEL = "-Onone";
			};
			name = Debug;
		};
		8B24C19B272FE3D600D36E12 /* Release */ = {
			isa = XCBuildConfiguration;
			buildSettings = {
				ALWAYS_SEARCH_USER_PATHS = NO;
				CLANG_ANALYZER_NONNULL = YES;
				CLANG_ANALYZER_NUMBER_OBJECT_CONVERSION = YES_AGGRESSIVE;
				CLANG_CXX_LANGUAGE_STANDARD = "gnu++17";
				CLANG_CXX_LIBRARY = "libc++";
				CLANG_ENABLE_MODULES = YES;
				CLANG_ENABLE_OBJC_ARC = YES;
				CLANG_ENABLE_OBJC_WEAK = YES;
				CLANG_WARN_BLOCK_CAPTURE_AUTORELEASING = YES;
				CLANG_WARN_BOOL_CONVERSION = YES;
				CLANG_WARN_COMMA = YES;
				CLANG_WARN_CONSTANT_CONVERSION = YES;
				CLANG_WARN_DEPRECATED_OBJC_IMPLEMENTATIONS = YES;
				CLANG_WARN_DIRECT_OBJC_ISA_USAGE = YES_ERROR;
				CLANG_WARN_DOCUMENTATION_COMMENTS = YES;
				CLANG_WARN_EMPTY_BODY = YES;
				CLANG_WARN_ENUM_CONVERSION = YES;
				CLANG_WARN_INFINITE_RECURSION = YES;
				CLANG_WARN_INT_CONVERSION = YES;
				CLANG_WARN_NON_LITERAL_NULL_CONVERSION = YES;
				CLANG_WARN_OBJC_IMPLICIT_RETAIN_SELF = YES;
				CLANG_WARN_OBJC_LITERAL_CONVERSION = YES;
				CLANG_WARN_OBJC_ROOT_CLASS = YES_ERROR;
				CLANG_WARN_QUOTED_INCLUDE_IN_FRAMEWORK_HEADER = YES;
				CLANG_WARN_RANGE_LOOP_ANALYSIS = YES;
				CLANG_WARN_STRICT_PROTOTYPES = YES;
				CLANG_WARN_SUSPICIOUS_MOVE = YES;
				CLANG_WARN_UNGUARDED_AVAILABILITY = YES_AGGRESSIVE;
				CLANG_WARN_UNREACHABLE_CODE = YES;
				CLANG_WARN__DUPLICATE_METHOD_MATCH = YES;
				COPY_PHASE_STRIP = NO;
				DEBUG_INFORMATION_FORMAT = "dwarf-with-dsym";
				ENABLE_NS_ASSERTIONS = NO;
				ENABLE_STRICT_OBJC_MSGSEND = YES;
				GCC_C_LANGUAGE_STANDARD = gnu11;
				GCC_NO_COMMON_BLOCKS = YES;
				GCC_WARN_64_TO_32_BIT_CONVERSION = YES;
				GCC_WARN_ABOUT_RETURN_TYPE = YES_ERROR;
				GCC_WARN_UNDECLARED_SELECTOR = YES;
				GCC_WARN_UNINITIALIZED_AUTOS = YES_AGGRESSIVE;
				GCC_WARN_UNUSED_FUNCTION = YES;
				GCC_WARN_UNUSED_VARIABLE = YES;
				IPHONEOS_DEPLOYMENT_TARGET = 13.0;
				MTL_ENABLE_DEBUG_INFO = NO;
				MTL_FAST_MATH = YES;
				SDKROOT = iphoneos;
				SWIFT_COMPILATION_MODE = wholemodule;
				SWIFT_OPTIMIZATION_LEVEL = "-O";
				VALIDATE_PRODUCT = YES;
			};
			name = Release;
		};
		8B24C19D272FE3D600D36E12 /* Debug */ = {
			isa = XCBuildConfiguration;
			buildSettings = {
				ASSETCATALOG_COMPILER_APPICON_NAME = AppIcon;
				ASSETCATALOG_COMPILER_GLOBAL_ACCENT_COLOR_NAME = AccentColor;
				CODE_SIGN_STYLE = Automatic;
				CURRENT_PROJECT_VERSION = 1;
				DEVELOPMENT_TEAM = 5ZGJ3JPRXV;
				GENERATE_INFOPLIST_FILE = YES;
				INFOPLIST_FILE = Gifty/Info.plist;
				INFOPLIST_KEY_UIApplicationSupportsIndirectInputEvents = YES;
				INFOPLIST_KEY_UILaunchStoryboardName = LaunchScreen;
				INFOPLIST_KEY_UIMainStoryboardFile = Main;
				INFOPLIST_KEY_UISupportedInterfaceOrientations_iPad = "UIInterfaceOrientationPortrait UIInterfaceOrientationPortraitUpsideDown UIInterfaceOrientationLandscapeLeft UIInterfaceOrientationLandscapeRight";
				INFOPLIST_KEY_UISupportedInterfaceOrientations_iPhone = "UIInterfaceOrientationPortrait UIInterfaceOrientationLandscapeLeft UIInterfaceOrientationLandscapeRight";
				IPHONEOS_DEPLOYMENT_TARGET = 13.0;
				LD_RUNPATH_SEARCH_PATHS = (
					"$(inherited)",
					"@executable_path/Frameworks",
				);
				MARKETING_VERSION = 1.0;
				PRODUCT_BUNDLE_IDENTIFIER = com.allsoftdev.Giftyu;
				PRODUCT_NAME = "$(TARGET_NAME)";
				SWIFT_EMIT_LOC_STRINGS = YES;
				SWIFT_VERSION = 5.0;
				TARGETED_DEVICE_FAMILY = "1,2";
			};
			name = Debug;
		};
		8B24C19E272FE3D600D36E12 /* Release */ = {
			isa = XCBuildConfiguration;
			buildSettings = {
				ASSETCATALOG_COMPILER_APPICON_NAME = AppIcon;
				ASSETCATALOG_COMPILER_GLOBAL_ACCENT_COLOR_NAME = AccentColor;
				CODE_SIGN_STYLE = Automatic;
				CURRENT_PROJECT_VERSION = 1;
				DEVELOPMENT_TEAM = 5ZGJ3JPRXV;
				GENERATE_INFOPLIST_FILE = YES;
				INFOPLIST_FILE = Gifty/Info.plist;
				INFOPLIST_KEY_UIApplicationSupportsIndirectInputEvents = YES;
				INFOPLIST_KEY_UILaunchStoryboardName = LaunchScreen;
				INFOPLIST_KEY_UIMainStoryboardFile = Main;
				INFOPLIST_KEY_UISupportedInterfaceOrientations_iPad = "UIInterfaceOrientationPortrait UIInterfaceOrientationPortraitUpsideDown UIInterfaceOrientationLandscapeLeft UIInterfaceOrientationLandscapeRight";
				INFOPLIST_KEY_UISupportedInterfaceOrientations_iPhone = "UIInterfaceOrientationPortrait UIInterfaceOrientationLandscapeLeft UIInterfaceOrientationLandscapeRight";
				IPHONEOS_DEPLOYMENT_TARGET = 13.0;
				LD_RUNPATH_SEARCH_PATHS = (
					"$(inherited)",
					"@executable_path/Frameworks",
				);
				MARKETING_VERSION = 1.0;
				PRODUCT_BUNDLE_IDENTIFIER = com.allsoftdev.Giftyu;
				PRODUCT_NAME = "$(TARGET_NAME)";
				SWIFT_EMIT_LOC_STRINGS = YES;
				SWIFT_VERSION = 5.0;
				TARGETED_DEVICE_FAMILY = "1,2";
			};
			name = Release;
		};
/* End XCBuildConfiguration section */

/* Begin XCConfigurationList section */
		8B24C180272FE3D400D36E12 /* Build configuration list for PBXProject "Gifty" */ = {
			isa = XCConfigurationList;
			buildConfigurations = (
				8B24C19A272FE3D600D36E12 /* Debug */,
				8B24C19B272FE3D600D36E12 /* Release */,
			);
			defaultConfigurationIsVisible = 0;
			defaultConfigurationName = Release;
		};
		8B24C19C272FE3D600D36E12 /* Build configuration list for PBXNativeTarget "Gifty" */ = {
			isa = XCConfigurationList;
			buildConfigurations = (
				8B24C19D272FE3D600D36E12 /* Debug */,
				8B24C19E272FE3D600D36E12 /* Release */,
			);
			defaultConfigurationIsVisible = 0;
			defaultConfigurationName = Release;
		};
/* End XCConfigurationList section */

/* Begin XCVersionGroup section */
		8B24C191272FE3D400D36E12 /* Gifty.xcdatamodeld */ = {
			isa = XCVersionGroup;
			children = (
				8B24C192272FE3D400D36E12 /* Gifty.xcdatamodel */,
			);
			currentVersion = 8B24C192272FE3D400D36E12 /* Gifty.xcdatamodel */;
			path = Gifty.xcdatamodeld;
			sourceTree = "<group>";
			versionGroupType = wrapper.xcdatamodel;
		};
/* End XCVersionGroup section */
	};
	rootObject = 8B24C17D272FE3D400D36E12 /* Project object */;
}
